{
  "name": "@josebarrios/ui-organization-card",
  "version": "0.1.12",
  "lockfileVersion": 1,
  "requires": true,
  "dependencies": {
    "@josebarrios/organization": {
      "version": "1.1.7",
      "resolved": "https://registry.npmjs.org/@josebarrios/organization/-/organization-1.1.7.tgz",
      "integrity": "sha1-Ldyqrx4Rtg0BW9m0QrBRbhYfWgM=",
      "requires": {
        "@josebarrios/thing": "0.3.32"
      }
    },
    "@josebarrios/thing": {
      "version": "0.3.32",
      "resolved": "https://registry.npmjs.org/@josebarrios/thing/-/thing-0.3.32.tgz",
      "integrity": "sha512-WI+MIMUwNIhoutKKq88DgzDNPzUV8J31roe1SmHyXzL/I0hEezM6LeOHPO18JjDEVontQ+MoZx08ss2R4qIDJA==",
      "requires": {
        "lodash": "4.17.4"
      }
    },
    "lodash": {
      "version": "4.17.4",
      "resolved": "https://registry.npmjs.org/lodash/-/lodash-4.17.4.tgz",
      "integrity": "sha1-eCA6TRwyiuHYbcpkYONptX9AVa4="
    }
  }
}
